
Microsoft Visual Studio Solution File, Format Version 12.00
# Visual Studio 15
VisualStudioVersion = 15.0.27228.1
MinimumVisualStudioVersion = 10.0.40219.1
Project("{2150E333-8FDC-42A3-9474-1A3956D46DE8}") = "src", "src", "{7E9ABB73-CA09-4798-931C-A177C00BC4AB}"
EndProject
Project("{9A19103F-16F7-4668-BE54-9A1E7A4F7556}") = "PackageCollector", "src\FilesCollector\PackageCollector.csproj", "{B6FF2BDC-6E34-40CC-A88C-479B2C2F32F2}"
EndProject
Global
	GlobalSection(SolutionConfigurationPlatforms) = preSolution
		Debug|Any CPU = Debug|Any CPU
		Release|Any CPU = Release|Any CPU
	EndGlobalSection
	GlobalSection(ProjectConfigurationPlatforms) = postSolution
		{B6FF2BDC-6E34-40CC-A88C-479B2C2F32F2}.Debug|Any CPU.ActiveCfg = Debug|Any CPU
		{B6FF2BDC-6E34-40CC-A88C-479B2C2F32F2}.Debug|Any CPU.Build.0 = Debug|Any CPU
		{B6FF2BDC-6E34-40CC-A88C-479B2C2F32F2}.Release|Any CPU.ActiveCfg = Release|Any CPU
		{B6FF2BDC-6E34-40CC-A88C-479B2C2F32F2}.Release|Any CPU.Build.0 = Release|Any CPU
	EndGlobalSection
	GlobalSection(SolutionProperties) = preSolution
		HideSolutionNode = FALSE
	EndGlobalSection
	GlobalSection(NestedProjects) = preSolution
		{B6FF2BDC-6E34-40CC-A88C-479B2C2F32F2} = {7E9ABB73-CA09-4798-931C-A177C00BC4AB}
	EndGlobalSection
	GlobalSection(ExtensibilityGlobals) = postSolution
		SolutionGuid = {411C1C05-3AA3-4F6E-B03A-9F0343D67441}
	EndGlobalSection
EndGlobal
